
Microsoft Visual Studio Solution File, Format Version 12.00
# Visual Studio 15
VisualStudioVersion = 15.0.26228.9
MinimumVisualStudioVersion = 10.0.40219.1
Project("{FAE04EC0-301F-11D3-BF4B-00C04F79EFBC}") = "Laserbrain.Anropa.Common", "Laserbrain.Anropa.Common\Laserbrain.Anropa.Common.csproj", "{8EE42686-3076-4940-B6BC-494DA941B7EC}"
EndProject
Project("{FAE04EC0-301F-11D3-BF4B-00C04F79EFBC}") = "Laserbrain.Anropa.Server", "Laserbrain.Anropa.Server\Laserbrain.Anropa.Server.csproj", "{F6C63989-1AF9-42F0-B71E-8177AB06F6BE}"
EndProject
Project("{FAE04EC0-301F-11D3-BF4B-00C04F79EFBC}") = "Laserbrain.Anropa.Client", "Laserbrain.Anropa.Client\Laserbrain.Anropa.Client.csproj", "{EAE3B890-2CC1-4E4B-A4D8-134B4EAADC6D}"
EndProject
Project("{FAE04EC0-301F-11D3-BF4B-00C04F79EFBC}") = "Laserbrain.Anropa.Server.Nancy", "Laserbrain.Anropa.Server.Nancy\Laserbrain.Anropa.Server.Nancy.csproj", "{1E0A02C3-F9D9-48D3-9748-B2EF667FE1C3}"
EndProject
Global
	GlobalSection(SolutionConfigurationPlatforms) = preSolution
		Debug|Any CPU = Debug|Any CPU
		Release|Any CPU = Release|Any CPU
	EndGlobalSection
	GlobalSection(ProjectConfigurationPlatforms) = postSolution
		{8EE42686-3076-4940-B6BC-494DA941B7EC}.Debug|Any CPU.ActiveCfg = Debug|Any CPU
		{8EE42686-3076-4940-B6BC-494DA941B7EC}.Debug|Any CPU.Build.0 = Debug|Any CPU
		{8EE42686-3076-4940-B6BC-494DA941B7EC}.Release|Any CPU.ActiveCfg = Release|Any CPU
		{8EE42686-3076-4940-B6BC-494DA941B7EC}.Release|Any CPU.Build.0 = Release|Any CPU
		{F6C63989-1AF9-42F0-B71E-8177AB06F6BE}.Debug|Any CPU.ActiveCfg = Debug|Any CPU
		{F6C63989-1AF9-42F0-B71E-8177AB06F6BE}.Debug|Any CPU.Build.0 = Debug|Any CPU
		{F6C63989-1AF9-42F0-B71E-8177AB06F6BE}.Release|Any CPU.ActiveCfg = Release|Any CPU
		{F6C63989-1AF9-42F0-B71E-8177AB06F6BE}.Release|Any CPU.Build.0 = Release|Any CPU
		{EAE3B890-2CC1-4E4B-A4D8-134B4EAADC6D}.Debug|Any CPU.ActiveCfg = Debug|Any CPU
		{EAE3B890-2CC1-4E4B-A4D8-134B4EAADC6D}.Debug|Any CPU.Build.0 = Debug|Any CPU
		{EAE3B890-2CC1-4E4B-A4D8-134B4EAADC6D}.Release|Any CPU.ActiveCfg = Release|Any CPU
		{EAE3B890-2CC1-4E4B-A4D8-134B4EAADC6D}.Release|Any CPU.Build.0 = Release|Any CPU
		{1E0A02C3-F9D9-48D3-9748-B2EF667FE1C3}.Debug|Any CPU.ActiveCfg = Debug|Any CPU
		{1E0A02C3-F9D9-48D3-9748-B2EF667FE1C3}.Debug|Any CPU.Build.0 = Debug|Any CPU
		{1E0A02C3-F9D9-48D3-9748-B2EF667FE1C3}.Release|Any CPU.ActiveCfg = Release|Any CPU
		{1E0A02C3-F9D9-48D3-9748-B2EF667FE1C3}.Release|Any CPU.Build.0 = Release|Any CPU
	EndGlobalSection
	GlobalSection(SolutionProperties) = preSolution
		HideSolutionNode = FALSE
	EndGlobalSection
EndGlobal
